
Microsoft Visual Studio Solution File, Format Version 12.00
# Visual Studio Version 17
VisualStudioVersion = 17.8.34316.72
MinimumVisualStudioVersion = 10.0.40219.1
Project("{FAE04EC0-301F-11D3-BF4B-00C04F79EFBC}") = "monkeydroid", "monkeydroid.csproj", "{B700C7DF-37CC-41B7-BF85-7A5D75243A50}"
EndProject
Project("{2150E333-8FDC-42A3-9474-1A3956D46DE8}") = "RepositoryFiles", "RepositoryFiles", "{836F4C7F-1896-4478-9D5D-5C4973845BE2}"
	ProjectSection(SolutionItems) = preProject
		..\LICENSE = ..\LICENSE
		..\README.md = ..\README.md
	EndProjectSection
EndProject
Global
	GlobalSection(SolutionConfigurationPlatforms) = preSolution
		Debug|Any CPU = Debug|Any CPU
		Release|Any CPU = Release|Any CPU
	EndGlobalSection
	GlobalSection(ProjectConfigurationPlatforms) = postSolution
		{B700C7DF-37CC-41B7-BF85-7A5D75243A50}.Debug|Any CPU.ActiveCfg = Debug|Any CPU
		{B700C7DF-37CC-41B7-BF85-7A5D75243A50}.Debug|Any CPU.Build.0 = Debug|Any CPU
		{B700C7DF-37CC-41B7-BF85-7A5D75243A50}.Debug|Any CPU.Deploy.0 = Debug|Any CPU
		{B700C7DF-37CC-41B7-BF85-7A5D75243A50}.Release|Any CPU.ActiveCfg = Release|Any CPU
		{B700C7DF-37CC-41B7-BF85-7A5D75243A50}.Release|Any CPU.Build.0 = Release|Any CPU
		{B700C7DF-37CC-41B7-BF85-7A5D75243A50}.Release|Any CPU.Deploy.0 = Release|Any CPU
	EndGlobalSection
	GlobalSection(SolutionProperties) = preSolution
		HideSolutionNode = FALSE
	EndGlobalSection
	GlobalSection(ExtensibilityGlobals) = postSolution
		SolutionGuid = {6E9981EE-BF04-44AF-B971-C9C2F4BE27AD}
	EndGlobalSection
EndGlobal
